
Microsoft Visual Studio Solution File, Format Version 12.00
# Visual Studio Version 17
VisualStudioVersion = 17.8.34408.163
MinimumVisualStudioVersion = 10.0.40219.1
Project("{FAE04EC0-301F-11D3-BF4B-00C04F79EFBC}") = "MvcMovie", "MvcMovie\MvcMovie.csproj", "{71693E56-300D-4A2A-B0C5-E6A89E428CEE}"
EndProject
Global
	GlobalSection(SolutionConfigurationPlatforms) = preSolution
		Debug|Any CPU = Debug|Any CPU
		Release|Any CPU = Release|Any CPU
	EndGlobalSection
	GlobalSection(ProjectConfigurationPlatforms) = postSolution
		{71693E56-300D-4A2A-B0C5-E6A89E428CEE}.Debug|Any CPU.ActiveCfg = Debug|Any CPU
		{71693E56-300D-4A2A-B0C5-E6A89E428CEE}.Debug|Any CPU.Build.0 = Debug|Any CPU
		{71693E56-300D-4A2A-B0C5-E6A89E428CEE}.Release|Any CPU.ActiveCfg = Release|Any CPU
		{71693E56-300D-4A2A-B0C5-E6A89E428CEE}.Release|Any CPU.Build.0 = Release|Any CPU
	EndGlobalSection
	GlobalSection(SolutionProperties) = preSolution
		HideSolutionNode = FALSE
	EndGlobalSection
	GlobalSection(ExtensibilityGlobals) = postSolution
		SolutionGuid = {BDE0FE68-2031-4F9F-AFE0-0CEE55035A28}
	EndGlobalSection
EndGlobal
